
Microsoft Visual Studio Solution File, Format Version 12.00
# Visual Studio Version 17
VisualStudioVersion = 17.13.35913.81
MinimumVisualStudioVersion = 10.0.40219.1
Project("{FAE04EC0-301F-11D3-BF4B-00C04F79EFBC}") = "SkillForge.API", "SkillForge\SkillForge.API.csproj", "{868274C1-A674-4649-833B-1B427D423391}"
EndProject
Project("{FAE04EC0-301F-11D3-BF4B-00C04F79EFBC}") = "SkillForge.Domain", "SkillForge.Domain\SkillForge.Domain.csproj", "{D37B10D6-5D23-4CB1-8E6A-C4EA7B47A391}"
EndProject
Project("{FAE04EC0-301F-11D3-BF4B-00C04F79EFBC}") = "SkillForge.Application", "SkillForge.Application\SkillForge.Application.csproj", "{8B466438-7205-4C7E-A579-529FFE9F6531}"
EndProject
Project("{FAE04EC0-301F-11D3-BF4B-00C04F79EFBC}") = "SkillForge.Infrastructure", "SkillForge.Infrastructure\SkillForge.Infrastructure.csproj", "{1B3602CB-BFE2-4DCB-8D2D-EAAF649435F1}"
EndProject
Global
	GlobalSection(SolutionConfigurationPlatforms) = preSolution
		Debug|Any CPU = Debug|Any CPU
		Release|Any CPU = Release|Any CPU
	EndGlobalSection
	GlobalSection(ProjectConfigurationPlatforms) = postSolution
		{868274C1-A674-4649-833B-1B427D423391}.Debug|Any CPU.ActiveCfg = Debug|Any CPU
		{868274C1-A674-4649-833B-1B427D423391}.Debug|Any CPU.Build.0 = Debug|Any CPU
		{868274C1-A674-4649-833B-1B427D423391}.Release|Any CPU.ActiveCfg = Release|Any CPU
		{868274C1-A674-4649-833B-1B427D423391}.Release|Any CPU.Build.0 = Release|Any CPU
		{D37B10D6-5D23-4CB1-8E6A-C4EA7B47A391}.Debug|Any CPU.ActiveCfg = Debug|Any CPU
		{D37B10D6-5D23-4CB1-8E6A-C4EA7B47A391}.Debug|Any CPU.Build.0 = Debug|Any CPU
		{D37B10D6-5D23-4CB1-8E6A-C4EA7B47A391}.Release|Any CPU.ActiveCfg = Release|Any CPU
		{D37B10D6-5D23-4CB1-8E6A-C4EA7B47A391}.Release|Any CPU.Build.0 = Release|Any CPU
		{8B466438-7205-4C7E-A579-529FFE9F6531}.Debug|Any CPU.ActiveCfg = Debug|Any CPU
		{8B466438-7205-4C7E-A579-529FFE9F6531}.Debug|Any CPU.Build.0 = Debug|Any CPU
		{8B466438-7205-4C7E-A579-529FFE9F6531}.Release|Any CPU.ActiveCfg = Release|Any CPU
		{8B466438-7205-4C7E-A579-529FFE9F6531}.Release|Any CPU.Build.0 = Release|Any CPU
		{1B3602CB-BFE2-4DCB-8D2D-EAAF649435F1}.Debug|Any CPU.ActiveCfg = Debug|Any CPU
		{1B3602CB-BFE2-4DCB-8D2D-EAAF649435F1}.Debug|Any CPU.Build.0 = Debug|Any CPU
		{1B3602CB-BFE2-4DCB-8D2D-EAAF649435F1}.Release|Any CPU.ActiveCfg = Release|Any CPU
		{1B3602CB-BFE2-4DCB-8D2D-EAAF649435F1}.Release|Any CPU.Build.0 = Release|Any CPU
	EndGlobalSection
	GlobalSection(SolutionProperties) = preSolution
		HideSolutionNode = FALSE
	EndGlobalSection
	GlobalSection(ExtensibilityGlobals) = postSolution
		SolutionGuid = {AC95CA12-BC93-48B3-AA8A-EAFFDB7F518A}
	EndGlobalSection
EndGlobal
