
Microsoft Visual Studio Solution File, Format Version 12.00
# Visual Studio Version 17
VisualStudioVersion = 17.13.35913.81 d17.13
MinimumVisualStudioVersion = 10.0.40219.1
Project("{FAE04EC0-301F-11D3-BF4B-00C04F79EFBC}") = "SkillForge", "SkillForge\SkillForge.csproj", "{868274C1-A674-4649-833B-1B427D423391}"
EndProject
Global
	GlobalSection(SolutionConfigurationPlatforms) = preSolution
		Debug|Any CPU = Debug|Any CPU
		Release|Any CPU = Release|Any CPU
	EndGlobalSection
	GlobalSection(ProjectConfigurationPlatforms) = postSolution
		{868274C1-A674-4649-833B-1B427D423391}.Debug|Any CPU.ActiveCfg = Debug|Any CPU
		{868274C1-A674-4649-833B-1B427D423391}.Debug|Any CPU.Build.0 = Debug|Any CPU
		{868274C1-A674-4649-833B-1B427D423391}.Release|Any CPU.ActiveCfg = Release|Any CPU
		{868274C1-A674-4649-833B-1B427D423391}.Release|Any CPU.Build.0 = Release|Any CPU
	EndGlobalSection
	GlobalSection(SolutionProperties) = preSolution
		HideSolutionNode = FALSE
	EndGlobalSection
	GlobalSection(ExtensibilityGlobals) = postSolution
		SolutionGuid = {AC95CA12-BC93-48B3-AA8A-EAFFDB7F518A}
	EndGlobalSection
EndGlobal
